
Microsoft Visual Studio Solution File, Format Version 12.00
# Visual Studio Version 17
VisualStudioVersion = 17.4.33122.133
MinimumVisualStudioVersion = 10.0.40219.1
Project("{FAE04EC0-301F-11D3-BF4B-00C04F79EFBC}") = "Fields", "Fields\Fields.csproj", "{241E3ECD-4D45-4254-A2B6-BFFA94504595}"
EndProject
Global
	GlobalSection(SolutionConfigurationPlatforms) = preSolution
		Debug|Any CPU = Debug|Any CPU
		Release|Any CPU = Release|Any CPU
	EndGlobalSection
	GlobalSection(ProjectConfigurationPlatforms) = postSolution
		{241E3ECD-4D45-4254-A2B6-BFFA94504595}.Debug|Any CPU.ActiveCfg = Debug|Any CPU
		{241E3ECD-4D45-4254-A2B6-BFFA94504595}.Debug|Any CPU.Build.0 = Debug|Any CPU
		{241E3ECD-4D45-4254-A2B6-BFFA94504595}.Release|Any CPU.ActiveCfg = Release|Any CPU
		{241E3ECD-4D45-4254-A2B6-BFFA94504595}.Release|Any CPU.Build.0 = Release|Any CPU
	EndGlobalSection
	GlobalSection(SolutionProperties) = preSolution
		HideSolutionNode = FALSE
	EndGlobalSection
	GlobalSection(ExtensibilityGlobals) = postSolution
		SolutionGuid = {44413D3C-EB5F-4B1B-B883-DBFC104091DF}
	EndGlobalSection
EndGlobal
