
Microsoft Visual Studio Solution File, Format Version 12.00
# Visual Studio Version 17
VisualStudioVersion = 17.0.32126.317
MinimumVisualStudioVersion = 10.0.40219.1
Project("{FAE04EC0-301F-11D3-BF4B-00C04F79EFBC}") = "Structures", "Structures\Structures.csproj", "{6AD2C777-C2F9-44A3-A86B-9393F9D68149}"
EndProject
Project("{FAE04EC0-301F-11D3-BF4B-00C04F79EFBC}") = "ClassLibrary1", "ClassLibrary1\ClassLibrary1.csproj", "{8C0436F4-C4AA-439E-9E5A-19CD0F7E63FE}"
EndProject
Global
	GlobalSection(SolutionConfigurationPlatforms) = preSolution
		Debug|Any CPU = Debug|Any CPU
		Release|Any CPU = Release|Any CPU
	EndGlobalSection
	GlobalSection(ProjectConfigurationPlatforms) = postSolution
		{6AD2C777-C2F9-44A3-A86B-9393F9D68149}.Debug|Any CPU.ActiveCfg = Debug|Any CPU
		{6AD2C777-C2F9-44A3-A86B-9393F9D68149}.Debug|Any CPU.Build.0 = Debug|Any CPU
		{6AD2C777-C2F9-44A3-A86B-9393F9D68149}.Release|Any CPU.ActiveCfg = Release|Any CPU
		{6AD2C777-C2F9-44A3-A86B-9393F9D68149}.Release|Any CPU.Build.0 = Release|Any CPU
		{8C0436F4-C4AA-439E-9E5A-19CD0F7E63FE}.Debug|Any CPU.ActiveCfg = Debug|Any CPU
		{8C0436F4-C4AA-439E-9E5A-19CD0F7E63FE}.Debug|Any CPU.Build.0 = Debug|Any CPU
		{8C0436F4-C4AA-439E-9E5A-19CD0F7E63FE}.Release|Any CPU.ActiveCfg = Release|Any CPU
		{8C0436F4-C4AA-439E-9E5A-19CD0F7E63FE}.Release|Any CPU.Build.0 = Release|Any CPU
	EndGlobalSection
	GlobalSection(SolutionProperties) = preSolution
		HideSolutionNode = FALSE
	EndGlobalSection
	GlobalSection(ExtensibilityGlobals) = postSolution
		SolutionGuid = {20EE9DDA-D677-4B12-B431-5C691C084D8C}
	EndGlobalSection
EndGlobal
