
Microsoft Visual Studio Solution File, Format Version 12.00
# Visual Studio Version 17
VisualStudioVersion = 17.4.33213.308
MinimumVisualStudioVersion = 10.0.40219.1
Project("{FAE04EC0-301F-11D3-BF4B-00C04F79EFBC}") = "Encapsulation", "Encapsulation\Encapsulation.csproj", "{81C05479-6B53-451D-9A60-F183B3802278}"
EndProject
Global
	GlobalSection(SolutionConfigurationPlatforms) = preSolution
		Debug|Any CPU = Debug|Any CPU
		Release|Any CPU = Release|Any CPU
	EndGlobalSection
	GlobalSection(ProjectConfigurationPlatforms) = postSolution
		{81C05479-6B53-451D-9A60-F183B3802278}.Debug|Any CPU.ActiveCfg = Debug|Any CPU
		{81C05479-6B53-451D-9A60-F183B3802278}.Debug|Any CPU.Build.0 = Debug|Any CPU
		{81C05479-6B53-451D-9A60-F183B3802278}.Release|Any CPU.ActiveCfg = Release|Any CPU
		{81C05479-6B53-451D-9A60-F183B3802278}.Release|Any CPU.Build.0 = Release|Any CPU
	EndGlobalSection
	GlobalSection(SolutionProperties) = preSolution
		HideSolutionNode = FALSE
	EndGlobalSection
	GlobalSection(ExtensibilityGlobals) = postSolution
		SolutionGuid = {9E61927D-6A00-4D00-886F-49B833B88B16}
	EndGlobalSection
EndGlobal
