
Microsoft Visual Studio Solution File, Format Version 12.00
# Visual Studio Version 17
VisualStudioVersion = 17.0.32126.317
MinimumVisualStudioVersion = 10.0.40219.1
Project("{FAE04EC0-301F-11D3-BF4B-00C04F79EFBC}") = "PartialClassAndMethods", "PartialClassAndMethods\PartialClassAndMethods.csproj", "{A542AE0F-767C-4D13-8276-8DE177DDF629}"
EndProject
Project("{FAE04EC0-301F-11D3-BF4B-00C04F79EFBC}") = "ClassLibrary1", "ClassLibrary1\ClassLibrary1.csproj", "{C4DF4060-AACF-4FED-A15E-96C0B4FDA816}"
EndProject
Project("{FAE04EC0-301F-11D3-BF4B-00C04F79EFBC}") = "ClassLibrary2", "ClassLibrary2\ClassLibrary2.csproj", "{44C8A336-F2DD-4B72-B5F8-CE47EB13F5EE}"
EndProject
Global
	GlobalSection(SolutionConfigurationPlatforms) = preSolution
		Debug|Any CPU = Debug|Any CPU
		Release|Any CPU = Release|Any CPU
	EndGlobalSection
	GlobalSection(ProjectConfigurationPlatforms) = postSolution
		{A542AE0F-767C-4D13-8276-8DE177DDF629}.Debug|Any CPU.ActiveCfg = Debug|Any CPU
		{A542AE0F-767C-4D13-8276-8DE177DDF629}.Debug|Any CPU.Build.0 = Debug|Any CPU
		{A542AE0F-767C-4D13-8276-8DE177DDF629}.Release|Any CPU.ActiveCfg = Release|Any CPU
		{A542AE0F-767C-4D13-8276-8DE177DDF629}.Release|Any CPU.Build.0 = Release|Any CPU
		{C4DF4060-AACF-4FED-A15E-96C0B4FDA816}.Debug|Any CPU.ActiveCfg = Debug|Any CPU
		{C4DF4060-AACF-4FED-A15E-96C0B4FDA816}.Debug|Any CPU.Build.0 = Debug|Any CPU
		{C4DF4060-AACF-4FED-A15E-96C0B4FDA816}.Release|Any CPU.ActiveCfg = Release|Any CPU
		{C4DF4060-AACF-4FED-A15E-96C0B4FDA816}.Release|Any CPU.Build.0 = Release|Any CPU
		{44C8A336-F2DD-4B72-B5F8-CE47EB13F5EE}.Debug|Any CPU.ActiveCfg = Debug|Any CPU
		{44C8A336-F2DD-4B72-B5F8-CE47EB13F5EE}.Debug|Any CPU.Build.0 = Debug|Any CPU
		{44C8A336-F2DD-4B72-B5F8-CE47EB13F5EE}.Release|Any CPU.ActiveCfg = Release|Any CPU
		{44C8A336-F2DD-4B72-B5F8-CE47EB13F5EE}.Release|Any CPU.Build.0 = Release|Any CPU
	EndGlobalSection
	GlobalSection(SolutionProperties) = preSolution
		HideSolutionNode = FALSE
	EndGlobalSection
	GlobalSection(ExtensibilityGlobals) = postSolution
		SolutionGuid = {B273F6DC-FF09-41A4-9A9F-CAFD15523736}
	EndGlobalSection
EndGlobal
