
Microsoft Visual Studio Solution File, Format Version 12.00
# Visual Studio Version 17
VisualStudioVersion = 17.4.33122.133
MinimumVisualStudioVersion = 10.0.40219.1
Project("{FAE04EC0-301F-11D3-BF4B-00C04F79EFBC}") = "Enumeration", "Enumeration\Enumeration.csproj", "{B6142B95-A10F-49D5-AE3A-FA3A26769827}"
EndProject
Global
	GlobalSection(SolutionConfigurationPlatforms) = preSolution
		Debug|Any CPU = Debug|Any CPU
		Release|Any CPU = Release|Any CPU
	EndGlobalSection
	GlobalSection(ProjectConfigurationPlatforms) = postSolution
		{B6142B95-A10F-49D5-AE3A-FA3A26769827}.Debug|Any CPU.ActiveCfg = Debug|Any CPU
		{B6142B95-A10F-49D5-AE3A-FA3A26769827}.Debug|Any CPU.Build.0 = Debug|Any CPU
		{B6142B95-A10F-49D5-AE3A-FA3A26769827}.Release|Any CPU.ActiveCfg = Release|Any CPU
		{B6142B95-A10F-49D5-AE3A-FA3A26769827}.Release|Any CPU.Build.0 = Release|Any CPU
	EndGlobalSection
	GlobalSection(SolutionProperties) = preSolution
		HideSolutionNode = FALSE
	EndGlobalSection
	GlobalSection(ExtensibilityGlobals) = postSolution
		SolutionGuid = {98FFD92F-4A09-4704-A7E0-6B21AB6FE229}
	EndGlobalSection
EndGlobal
