
Microsoft Visual Studio Solution File, Format Version 12.00
# Visual Studio Version 17
VisualStudioVersion = 17.0.32126.317
MinimumVisualStudioVersion = 10.0.40219.1
Project("{FAE04EC0-301F-11D3-BF4B-00C04F79EFBC}") = "Namespaces", "Namespaces\Namespaces.csproj", "{8C644B33-7A79-4C02-BDDE-CC655DE1BE4B}"
EndProject
Project("{FAE04EC0-301F-11D3-BF4B-00C04F79EFBC}") = "ClassLibrary1", "ClassLibrary1\ClassLibrary1.csproj", "{0EAE4003-9DF5-4075-AC7A-F40EDF3B9AF3}"
EndProject
Global
	GlobalSection(SolutionConfigurationPlatforms) = preSolution
		Debug|Any CPU = Debug|Any CPU
		Release|Any CPU = Release|Any CPU
	EndGlobalSection
	GlobalSection(ProjectConfigurationPlatforms) = postSolution
		{8C644B33-7A79-4C02-BDDE-CC655DE1BE4B}.Debug|Any CPU.ActiveCfg = Debug|Any CPU
		{8C644B33-7A79-4C02-BDDE-CC655DE1BE4B}.Debug|Any CPU.Build.0 = Debug|Any CPU
		{8C644B33-7A79-4C02-BDDE-CC655DE1BE4B}.Release|Any CPU.ActiveCfg = Release|Any CPU
		{8C644B33-7A79-4C02-BDDE-CC655DE1BE4B}.Release|Any CPU.Build.0 = Release|Any CPU
		{0EAE4003-9DF5-4075-AC7A-F40EDF3B9AF3}.Debug|Any CPU.ActiveCfg = Debug|Any CPU
		{0EAE4003-9DF5-4075-AC7A-F40EDF3B9AF3}.Debug|Any CPU.Build.0 = Debug|Any CPU
		{0EAE4003-9DF5-4075-AC7A-F40EDF3B9AF3}.Release|Any CPU.ActiveCfg = Release|Any CPU
		{0EAE4003-9DF5-4075-AC7A-F40EDF3B9AF3}.Release|Any CPU.Build.0 = Release|Any CPU
	EndGlobalSection
	GlobalSection(SolutionProperties) = preSolution
		HideSolutionNode = FALSE
	EndGlobalSection
	GlobalSection(ExtensibilityGlobals) = postSolution
		SolutionGuid = {AB1C7CBA-9F4F-4ED0-B672-56C3BB9345B5}
	EndGlobalSection
EndGlobal
