
Microsoft Visual Studio Solution File, Format Version 12.00
# Visual Studio Version 17
VisualStudioVersion = 17.2.32602.215
MinimumVisualStudioVersion = 10.0.40219.1
Project("{9A19103F-16F7-4668-BE54-9A1E7A4F7556}") = "Methods", "Methods\Methods.csproj", "{5C53EA26-4605-4AA9-B67D-51EA33DA9C4B}"
EndProject
Project("{FAE04EC0-301F-11D3-BF4B-00C04F79EFBC}") = "MultiThreading", "MultiThreading\MultiThreading.csproj", "{A50BAA68-157C-4FD4-ADE1-1B09009436FE}"
EndProject
Global
	GlobalSection(SolutionConfigurationPlatforms) = preSolution
		Debug|Any CPU = Debug|Any CPU
		Release|Any CPU = Release|Any CPU
	EndGlobalSection
	GlobalSection(ProjectConfigurationPlatforms) = postSolution
		{5C53EA26-4605-4AA9-B67D-51EA33DA9C4B}.Debug|Any CPU.ActiveCfg = Debug|Any CPU
		{5C53EA26-4605-4AA9-B67D-51EA33DA9C4B}.Debug|Any CPU.Build.0 = Debug|Any CPU
		{5C53EA26-4605-4AA9-B67D-51EA33DA9C4B}.Release|Any CPU.ActiveCfg = Release|Any CPU
		{5C53EA26-4605-4AA9-B67D-51EA33DA9C4B}.Release|Any CPU.Build.0 = Release|Any CPU
		{A50BAA68-157C-4FD4-ADE1-1B09009436FE}.Debug|Any CPU.ActiveCfg = Debug|Any CPU
		{A50BAA68-157C-4FD4-ADE1-1B09009436FE}.Debug|Any CPU.Build.0 = Debug|Any CPU
		{A50BAA68-157C-4FD4-ADE1-1B09009436FE}.Release|Any CPU.ActiveCfg = Release|Any CPU
		{A50BAA68-157C-4FD4-ADE1-1B09009436FE}.Release|Any CPU.Build.0 = Release|Any CPU
	EndGlobalSection
	GlobalSection(SolutionProperties) = preSolution
		HideSolutionNode = FALSE
	EndGlobalSection
	GlobalSection(ExtensibilityGlobals) = postSolution
		SolutionGuid = {C0E7156D-3815-4347-BAF2-200222168DB1}
	EndGlobalSection
EndGlobal
