
Microsoft Visual Studio Solution File, Format Version 12.00
# Visual Studio Version 17
VisualStudioVersion = 17.0.32126.317
MinimumVisualStudioVersion = 10.0.40219.1
Project("{FAE04EC0-301F-11D3-BF4B-00C04F79EFBC}") = "Interfaces", "Interfaces\Interfaces.csproj", "{480C2E6D-34E5-4C06-BC6F-424835399A19}"
EndProject
Global
	GlobalSection(SolutionConfigurationPlatforms) = preSolution
		Debug|Any CPU = Debug|Any CPU
		Release|Any CPU = Release|Any CPU
	EndGlobalSection
	GlobalSection(ProjectConfigurationPlatforms) = postSolution
		{480C2E6D-34E5-4C06-BC6F-424835399A19}.Debug|Any CPU.ActiveCfg = Debug|Any CPU
		{480C2E6D-34E5-4C06-BC6F-424835399A19}.Debug|Any CPU.Build.0 = Debug|Any CPU
		{480C2E6D-34E5-4C06-BC6F-424835399A19}.Release|Any CPU.ActiveCfg = Release|Any CPU
		{480C2E6D-34E5-4C06-BC6F-424835399A19}.Release|Any CPU.Build.0 = Release|Any CPU
	EndGlobalSection
	GlobalSection(SolutionProperties) = preSolution
		HideSolutionNode = FALSE
	EndGlobalSection
	GlobalSection(ExtensibilityGlobals) = postSolution
		SolutionGuid = {651E0B7C-7339-469C-BAB1-81DAEEF81819}
	EndGlobalSection
EndGlobal
